
Microsoft Visual Studio Solution File, Format Version 12.00
# Visual Studio Version 17
VisualStudioVersion = 17.3.32901.215
MinimumVisualStudioVersion = 10.0.40219.1
Project("{9A19103F-16F7-4668-BE54-9A1E7A4F7556}") = "lab3", "lab3\lab3.csproj", "{6E62CBD3-CDA3-4389-8DB3-6AF28A21D634}"
EndProject
Global
	GlobalSection(SolutionConfigurationPlatforms) = preSolution
		Debug|Any CPU = Debug|Any CPU
		Release|Any CPU = Release|Any CPU
	EndGlobalSection
	GlobalSection(ProjectConfigurationPlatforms) = postSolution
		{6E62CBD3-CDA3-4389-8DB3-6AF28A21D634}.Debug|Any CPU.ActiveCfg = Debug|Any CPU
		{6E62CBD3-CDA3-4389-8DB3-6AF28A21D634}.Debug|Any CPU.Build.0 = Debug|Any CPU
		{6E62CBD3-CDA3-4389-8DB3-6AF28A21D634}.Release|Any CPU.ActiveCfg = Release|Any CPU
		{6E62CBD3-CDA3-4389-8DB3-6AF28A21D634}.Release|Any CPU.Build.0 = Release|Any CPU
	EndGlobalSection
	GlobalSection(SolutionProperties) = preSolution
		HideSolutionNode = FALSE
	EndGlobalSection
	GlobalSection(ExtensibilityGlobals) = postSolution
		SolutionGuid = {E3D377E9-BEF4-450F-96F2-4C0C31CC27BA}
	EndGlobalSection
EndGlobal
