
Microsoft Visual Studio Solution File, Format Version 12.00
# Visual Studio Version 17
VisualStudioVersion = 17.3.32901.215
MinimumVisualStudioVersion = 10.0.40219.1
Project("{FAE04EC0-301F-11D3-BF4B-00C04F79EFBC}") = "qwerty", "qwerty\qwerty.csproj", "{F7F648C0-3867-4896-B9BC-3615B7F8216B}"
EndProject
Global
	GlobalSection(SolutionConfigurationPlatforms) = preSolution
		Debug|Any CPU = Debug|Any CPU
		Release|Any CPU = Release|Any CPU
	EndGlobalSection
	GlobalSection(ProjectConfigurationPlatforms) = postSolution
		{F7F648C0-3867-4896-B9BC-3615B7F8216B}.Debug|Any CPU.ActiveCfg = Debug|Any CPU
		{F7F648C0-3867-4896-B9BC-3615B7F8216B}.Debug|Any CPU.Build.0 = Debug|Any CPU
		{F7F648C0-3867-4896-B9BC-3615B7F8216B}.Release|Any CPU.ActiveCfg = Release|Any CPU
		{F7F648C0-3867-4896-B9BC-3615B7F8216B}.Release|Any CPU.Build.0 = Release|Any CPU
	EndGlobalSection
	GlobalSection(SolutionProperties) = preSolution
		HideSolutionNode = FALSE
	EndGlobalSection
	GlobalSection(ExtensibilityGlobals) = postSolution
		SolutionGuid = {FB977AEA-815C-4937-8F11-9A9D6990CCCF}
	EndGlobalSection
EndGlobal
